<Solution>
  <Folder Name="/Itens de Solução/">
    <File Path="READEME.md" />
  </Folder>
  <Project Path="Veiculos.Application/Veiculos.Application.csproj" Id="6d6ed0a8-7923-4b6b-986c-36712a480245" />
  <Project Path="Veiculos.Domain/Veiculos.Domain.csproj" Id="feb52200-0f05-4abf-87c4-8c8a87a42e7c" />
  <Project Path="Veiculos.Infra/Veiculos.Infra.csproj" Id="1c12f44a-4c08-403d-bc44-f66857faf5b4" />
  <Project Path="Veiculos.WebApi/Veiculos.WebApi.csproj" Id="e2549c78-c087-4363-9d80-2417c9f91fa1" />
</Solution>
